
Microsoft Visual Studio Solution File, Format Version 12.00
Project("{FAE04EC0-301F-11D3-BF4B-00C04F79EFBC}") = "AI_ExtraGirls", "AI_ExtraGirls\AI_ExtraGirls.csproj", "{7228128A-6F5D-422F-BEBE-2B91CA3A0F8E}"
EndProject
Global
	GlobalSection(SolutionConfigurationPlatforms) = preSolution
		Debug|Any CPU = Debug|Any CPU
		Release|Any CPU = Release|Any CPU
	EndGlobalSection
	GlobalSection(ProjectConfigurationPlatforms) = postSolution
		{7228128A-6F5D-422F-BEBE-2B91CA3A0F8E}.Debug|Any CPU.ActiveCfg = Debug|Any CPU
		{7228128A-6F5D-422F-BEBE-2B91CA3A0F8E}.Debug|Any CPU.Build.0 = Debug|Any CPU
		{7228128A-6F5D-422F-BEBE-2B91CA3A0F8E}.Release|Any CPU.ActiveCfg = Release|Any CPU
		{7228128A-6F5D-422F-BEBE-2B91CA3A0F8E}.Release|Any CPU.Build.0 = Release|Any CPU
	EndGlobalSection
EndGlobal
